
Microsoft Visual Studio Solution File, Format Version 12.00
# Visual Studio Version 16
VisualStudioVersion = 16.0.31424.327
MinimumVisualStudioVersion = 10.0.40219.1
Project("{FAE04EC0-301F-11D3-BF4B-00C04F79EFBC}") = "Name and Email Addresses", "Name and Email Addresses\Name and Email Addresses.csproj", "{026A3762-8F9C-41D4-80F9-E42914F033BF}"
EndProject
Global
	GlobalSection(SolutionConfigurationPlatforms) = preSolution
		Debug|Any CPU = Debug|Any CPU
		Release|Any CPU = Release|Any CPU
	EndGlobalSection
	GlobalSection(ProjectConfigurationPlatforms) = postSolution
		{026A3762-8F9C-41D4-80F9-E42914F033BF}.Debug|Any CPU.ActiveCfg = Debug|Any CPU
		{026A3762-8F9C-41D4-80F9-E42914F033BF}.Debug|Any CPU.Build.0 = Debug|Any CPU
		{026A3762-8F9C-41D4-80F9-E42914F033BF}.Release|Any CPU.ActiveCfg = Release|Any CPU
		{026A3762-8F9C-41D4-80F9-E42914F033BF}.Release|Any CPU.Build.0 = Release|Any CPU
	EndGlobalSection
	GlobalSection(SolutionProperties) = preSolution
		HideSolutionNode = FALSE
	EndGlobalSection
	GlobalSection(ExtensibilityGlobals) = postSolution
		SolutionGuid = {6B11EA4C-06D9-4F2E-A33C-FBA6FED71CC9}
	EndGlobalSection
EndGlobal
